
Microsoft Visual Studio Solution File, Format Version 12.00
# Visual Studio Version 17
VisualStudioVersion = 17.6.33815.320
MinimumVisualStudioVersion = 10.0.40219.1
Project("{FAE04EC0-301F-11D3-BF4B-00C04F79EFBC}") = "Metotlar", "Metotlar\Metotlar.csproj", "{E38F7638-F11D-4FA4-82FD-69B5AA50F740}"
EndProject
Project("{FAE04EC0-301F-11D3-BF4B-00C04F79EFBC}") = "Matematik", "Matematik\Matematik.csproj", "{0C2A9C05-6D43-437B-8070-CEDB7F50DC81}"
EndProject
Project("{FAE04EC0-301F-11D3-BF4B-00C04F79EFBC}") = "DegerveReferansTipler", "DegerveReferansTipler\DegerveReferansTipler.csproj", "{66D80A33-96AB-43B5-AB54-734ADAE17294}"
EndProject
Project("{FAE04EC0-301F-11D3-BF4B-00C04F79EFBC}") = "OOP1", "OOP1\OOP1.csproj", "{CFD111C8-0015-4728-97F5-B275EFA12B82}"
EndProject
Project("{FAE04EC0-301F-11D3-BF4B-00C04F79EFBC}") = "Koleksiyonlar", "Koleksiyonlar\Koleksiyonlar.csproj", "{0BA050F8-0B58-47DC-A6FB-EBA71FDC93AB}"
EndProject
Global
	GlobalSection(SolutionConfigurationPlatforms) = preSolution
		Debug|Any CPU = Debug|Any CPU
		Release|Any CPU = Release|Any CPU
	EndGlobalSection
	GlobalSection(ProjectConfigurationPlatforms) = postSolution
		{E38F7638-F11D-4FA4-82FD-69B5AA50F740}.Debug|Any CPU.ActiveCfg = Debug|Any CPU
		{E38F7638-F11D-4FA4-82FD-69B5AA50F740}.Debug|Any CPU.Build.0 = Debug|Any CPU
		{E38F7638-F11D-4FA4-82FD-69B5AA50F740}.Release|Any CPU.ActiveCfg = Release|Any CPU
		{E38F7638-F11D-4FA4-82FD-69B5AA50F740}.Release|Any CPU.Build.0 = Release|Any CPU
		{0C2A9C05-6D43-437B-8070-CEDB7F50DC81}.Debug|Any CPU.ActiveCfg = Debug|Any CPU
		{0C2A9C05-6D43-437B-8070-CEDB7F50DC81}.Debug|Any CPU.Build.0 = Debug|Any CPU
		{0C2A9C05-6D43-437B-8070-CEDB7F50DC81}.Release|Any CPU.ActiveCfg = Release|Any CPU
		{0C2A9C05-6D43-437B-8070-CEDB7F50DC81}.Release|Any CPU.Build.0 = Release|Any CPU
		{66D80A33-96AB-43B5-AB54-734ADAE17294}.Debug|Any CPU.ActiveCfg = Debug|Any CPU
		{66D80A33-96AB-43B5-AB54-734ADAE17294}.Debug|Any CPU.Build.0 = Debug|Any CPU
		{66D80A33-96AB-43B5-AB54-734ADAE17294}.Release|Any CPU.ActiveCfg = Release|Any CPU
		{66D80A33-96AB-43B5-AB54-734ADAE17294}.Release|Any CPU.Build.0 = Release|Any CPU
		{CFD111C8-0015-4728-97F5-B275EFA12B82}.Debug|Any CPU.ActiveCfg = Debug|Any CPU
		{CFD111C8-0015-4728-97F5-B275EFA12B82}.Debug|Any CPU.Build.0 = Debug|Any CPU
		{CFD111C8-0015-4728-97F5-B275EFA12B82}.Release|Any CPU.ActiveCfg = Release|Any CPU
		{CFD111C8-0015-4728-97F5-B275EFA12B82}.Release|Any CPU.Build.0 = Release|Any CPU
		{0BA050F8-0B58-47DC-A6FB-EBA71FDC93AB}.Debug|Any CPU.ActiveCfg = Debug|Any CPU
		{0BA050F8-0B58-47DC-A6FB-EBA71FDC93AB}.Debug|Any CPU.Build.0 = Debug|Any CPU
		{0BA050F8-0B58-47DC-A6FB-EBA71FDC93AB}.Release|Any CPU.ActiveCfg = Release|Any CPU
		{0BA050F8-0B58-47DC-A6FB-EBA71FDC93AB}.Release|Any CPU.Build.0 = Release|Any CPU
	EndGlobalSection
	GlobalSection(SolutionProperties) = preSolution
		HideSolutionNode = FALSE
	EndGlobalSection
	GlobalSection(ExtensibilityGlobals) = postSolution
		SolutionGuid = {1B057229-98D5-42AA-8B4B-BF510BA41956}
	EndGlobalSection
EndGlobal
